
Microsoft Visual Studio Solution File, Format Version 12.00
# Visual Studio Version 17
VisualStudioVersion = 17.0.31903.59
MinimumVisualStudioVersion = 10.0.40219.1
Project("{2150E333-8FDC-42A3-9474-1A3956D46DE8}") = "projects", "projects", "{7D4ED9EA-1FAD-4DDC-8666-B045B2F52933}"
EndProject
Project("{9A19103F-16F7-4668-BE54-9A1E7A4F7556}") = "TaxiSystem", "projects\TaxiSystem\TaxiSystem.csproj", "{04F73D86-2FE7-461A-B19B-3D4DA8DAC2D5}"
EndProject
Project("{2150E333-8FDC-42A3-9474-1A3956D46DE8}") = "Solution Items", "Solution Items", "{4D09D6D0-2A44-430F-98B5-B888F1AAD9C7}"
	ProjectSection(SolutionItems) = preProject
		.editorconfig = .editorconfig
	EndProjectSection
EndProject
Global
	GlobalSection(SolutionConfigurationPlatforms) = preSolution
		Debug|Any CPU = Debug|Any CPU
		Release|Any CPU = Release|Any CPU
	EndGlobalSection
	GlobalSection(ProjectConfigurationPlatforms) = postSolution
		{04F73D86-2FE7-461A-B19B-3D4DA8DAC2D5}.Debug|Any CPU.ActiveCfg = Debug|Any CPU
		{04F73D86-2FE7-461A-B19B-3D4DA8DAC2D5}.Debug|Any CPU.Build.0 = Debug|Any CPU
		{04F73D86-2FE7-461A-B19B-3D4DA8DAC2D5}.Release|Any CPU.ActiveCfg = Release|Any CPU
		{04F73D86-2FE7-461A-B19B-3D4DA8DAC2D5}.Release|Any CPU.Build.0 = Release|Any CPU
	EndGlobalSection
	GlobalSection(SolutionProperties) = preSolution
		HideSolutionNode = FALSE
	EndGlobalSection
	GlobalSection(NestedProjects) = preSolution
		{04F73D86-2FE7-461A-B19B-3D4DA8DAC2D5} = {7D4ED9EA-1FAD-4DDC-8666-B045B2F52933}
	EndGlobalSection
	GlobalSection(ExtensibilityGlobals) = postSolution
		SolutionGuid = {87A985D8-4B07-4480-9E32-ED5FB99A5435}
	EndGlobalSection
EndGlobal
